
Microsoft Visual Studio Solution File, Format Version 12.00
# Visual Studio Version 17
VisualStudioVersion = 17.5.002.0
MinimumVisualStudioVersion = 10.0.40219.1
Project("{2150E333-8FDC-42A3-9474-1A3956D46DE8}") = "csharp-prep", "csharp-prep", "{28F7885F-DBA4-460C-99A9-80BC89911C95}"
EndProject
Project("{9A19103F-16F7-4668-BE54-9A1E7A4F7556}") = "Prep1", "csharp-prep\Prep1\Prep1.csproj", "{95B5335F-DAEA-44A5-9956-BF232C3437C7}"
EndProject
Project("{9A19103F-16F7-4668-BE54-9A1E7A4F7556}") = "Prep2", "csharp-prep\Prep2\Prep2.csproj", "{5B09471F-01FA-4AB3-9DF9-2937EC12BB85}"
EndProject
Project("{9A19103F-16F7-4668-BE54-9A1E7A4F7556}") = "Prep3", "csharp-prep\Prep3\Prep3.csproj", "{721E620F-BF3A-47EB-982B-6CC71BC5318C}"
EndProject
Project("{9A19103F-16F7-4668-BE54-9A1E7A4F7556}") = "Prep4", "csharp-prep\Prep4\Prep4.csproj", "{69DFB201-2455-49EF-9193-D8A6FD2EAE38}"
EndProject
Project("{9A19103F-16F7-4668-BE54-9A1E7A4F7556}") = "Prep5", "csharp-prep\Prep5\Prep5.csproj", "{782B7741-A9CB-4380-8D40-5AA1630980FE}"
EndProject
Project("{2150E333-8FDC-42A3-9474-1A3956D46DE8}") = "final", "final", "{C49CAD0C-E721-4EF5-976F-F776AF288D56}"
EndProject
Project("{9A19103F-16F7-4668-BE54-9A1E7A4F7556}") = "FinalProject", "final\FinalProject\FinalProject.csproj", "{E0FBCE55-1001-44E9-A92F-8BF10345EF63}"
EndProject
Project("{9A19103F-16F7-4668-BE54-9A1E7A4F7556}") = "Foundation1", "final\Foundation1\Foundation1.csproj", "{BFF381D9-81FC-41F5-A0CB-B09FD9355936}"
EndProject
Project("{9A19103F-16F7-4668-BE54-9A1E7A4F7556}") = "Foundation2", "final\Foundation2\Foundation2.csproj", "{53FCB758-4E95-4D7E-9E1B-52B09E8BDCD0}"
EndProject
Project("{9A19103F-16F7-4668-BE54-9A1E7A4F7556}") = "Foundation3", "final\Foundation3\Foundation3.csproj", "{5F874352-2F63-4F0C-A9BD-9AD07293AE6F}"
EndProject
Project("{9A19103F-16F7-4668-BE54-9A1E7A4F7556}") = "Foundation4", "final\Foundation4\Foundation4.csproj", "{691835E1-69A5-4E6B-B92F-DCF02AD715C8}"
EndProject
Project("{2150E333-8FDC-42A3-9474-1A3956D46DE8}") = "prepare", "prepare", "{58DE91E5-26C4-4E1C-8C79-A47261B6F56E}"
EndProject
Project("{9A19103F-16F7-4668-BE54-9A1E7A4F7556}") = "Learning02", "prepare\Learning02\Learning02.csproj", "{D51CF631-0AD1-4A1B-AF70-CDD9DB72F26E}"
EndProject
Project("{9A19103F-16F7-4668-BE54-9A1E7A4F7556}") = "Learning03", "prepare\Learning03\Learning03.csproj", "{D8FEEA52-9FA2-438D-96E1-B4C53FAAC816}"
EndProject
Project("{9A19103F-16F7-4668-BE54-9A1E7A4F7556}") = "Learning04", "prepare\Learning04\Learning04.csproj", "{21DC961F-AA46-4222-8168-18929804B178}"
EndProject
Project("{9A19103F-16F7-4668-BE54-9A1E7A4F7556}") = "Learning05", "prepare\Learning05\Learning05.csproj", "{DECB6F7C-1040-453B-B14B-597AB30396AC}"
EndProject
Project("{2150E333-8FDC-42A3-9474-1A3956D46DE8}") = "prove", "prove", "{2D8B6DF6-95F6-4B94-B93A-AA640B54AB0C}"
EndProject
Project("{9A19103F-16F7-4668-BE54-9A1E7A4F7556}") = "Develop02", "prove\Develop02\Develop02.csproj", "{529825F1-83C3-4FB9-967E-7CDA494304D7}"
EndProject
Project("{9A19103F-16F7-4668-BE54-9A1E7A4F7556}") = "Develop03", "prove\Develop03\Develop03.csproj", "{EBD6D016-3A69-4C84-B159-1527C2CCE1B8}"
EndProject
Project("{9A19103F-16F7-4668-BE54-9A1E7A4F7556}") = "Develop04", "prove\Develop04\Develop04.csproj", "{B1090925-76B1-4AD0-917F-9B3CE465B858}"
EndProject
Project("{9A19103F-16F7-4668-BE54-9A1E7A4F7556}") = "Develop05", "prove\Develop05\Develop05.csproj", "{92FC443E-89EA-46ED-8C88-F1BEEE99EC13}"
EndProject
Project("{2150E333-8FDC-42A3-9474-1A3956D46DE8}") = "sandbox", "sandbox", "{780B1996-6529-4716-8608-1922833B9B71}"
EndProject
Project("{9A19103F-16F7-4668-BE54-9A1E7A4F7556}") = "Sandbox", "sandbox\Sandbox\Sandbox.csproj", "{5CFF88BE-FFDD-4846-9F2B-35958580E8A7}"
EndProject
Global
	GlobalSection(SolutionConfigurationPlatforms) = preSolution
		Debug|Any CPU = Debug|Any CPU
		Release|Any CPU = Release|Any CPU
	EndGlobalSection
	GlobalSection(ProjectConfigurationPlatforms) = postSolution
		{95B5335F-DAEA-44A5-9956-BF232C3437C7}.Debug|Any CPU.ActiveCfg = Debug|Any CPU
		{95B5335F-DAEA-44A5-9956-BF232C3437C7}.Debug|Any CPU.Build.0 = Debug|Any CPU
		{95B5335F-DAEA-44A5-9956-BF232C3437C7}.Release|Any CPU.ActiveCfg = Release|Any CPU
		{95B5335F-DAEA-44A5-9956-BF232C3437C7}.Release|Any CPU.Build.0 = Release|Any CPU
		{5B09471F-01FA-4AB3-9DF9-2937EC12BB85}.Debug|Any CPU.ActiveCfg = Debug|Any CPU
		{5B09471F-01FA-4AB3-9DF9-2937EC12BB85}.Debug|Any CPU.Build.0 = Debug|Any CPU
		{5B09471F-01FA-4AB3-9DF9-2937EC12BB85}.Release|Any CPU.ActiveCfg = Release|Any CPU
		{5B09471F-01FA-4AB3-9DF9-2937EC12BB85}.Release|Any CPU.Build.0 = Release|Any CPU
		{721E620F-BF3A-47EB-982B-6CC71BC5318C}.Debug|Any CPU.ActiveCfg = Debug|Any CPU
		{721E620F-BF3A-47EB-982B-6CC71BC5318C}.Debug|Any CPU.Build.0 = Debug|Any CPU
		{721E620F-BF3A-47EB-982B-6CC71BC5318C}.Release|Any CPU.ActiveCfg = Release|Any CPU
		{721E620F-BF3A-47EB-982B-6CC71BC5318C}.Release|Any CPU.Build.0 = Release|Any CPU
		{69DFB201-2455-49EF-9193-D8A6FD2EAE38}.Debug|Any CPU.ActiveCfg = Debug|Any CPU
		{69DFB201-2455-49EF-9193-D8A6FD2EAE38}.Debug|Any CPU.Build.0 = Debug|Any CPU
		{69DFB201-2455-49EF-9193-D8A6FD2EAE38}.Release|Any CPU.ActiveCfg = Release|Any CPU
		{69DFB201-2455-49EF-9193-D8A6FD2EAE38}.Release|Any CPU.Build.0 = Release|Any CPU
		{782B7741-A9CB-4380-8D40-5AA1630980FE}.Debug|Any CPU.ActiveCfg = Debug|Any CPU
		{782B7741-A9CB-4380-8D40-5AA1630980FE}.Debug|Any CPU.Build.0 = Debug|Any CPU
		{782B7741-A9CB-4380-8D40-5AA1630980FE}.Release|Any CPU.ActiveCfg = Release|Any CPU
		{782B7741-A9CB-4380-8D40-5AA1630980FE}.Release|Any CPU.Build.0 = Release|Any CPU
		{E0FBCE55-1001-44E9-A92F-8BF10345EF63}.Debug|Any CPU.ActiveCfg = Debug|Any CPU
		{E0FBCE55-1001-44E9-A92F-8BF10345EF63}.Debug|Any CPU.Build.0 = Debug|Any CPU
		{E0FBCE55-1001-44E9-A92F-8BF10345EF63}.Release|Any CPU.ActiveCfg = Release|Any CPU
		{E0FBCE55-1001-44E9-A92F-8BF10345EF63}.Release|Any CPU.Build.0 = Release|Any CPU
		{BFF381D9-81FC-41F5-A0CB-B09FD9355936}.Debug|Any CPU.ActiveCfg = Debug|Any CPU
		{BFF381D9-81FC-41F5-A0CB-B09FD9355936}.Debug|Any CPU.Build.0 = Debug|Any CPU
		{BFF381D9-81FC-41F5-A0CB-B09FD9355936}.Release|Any CPU.ActiveCfg = Release|Any CPU
		{BFF381D9-81FC-41F5-A0CB-B09FD9355936}.Release|Any CPU.Build.0 = Release|Any CPU
		{53FCB758-4E95-4D7E-9E1B-52B09E8BDCD0}.Debug|Any CPU.ActiveCfg = Debug|Any CPU
		{53FCB758-4E95-4D7E-9E1B-52B09E8BDCD0}.Debug|Any CPU.Build.0 = Debug|Any CPU
		{53FCB758-4E95-4D7E-9E1B-52B09E8BDCD0}.Release|Any CPU.ActiveCfg = Release|Any CPU
		{53FCB758-4E95-4D7E-9E1B-52B09E8BDCD0}.Release|Any CPU.Build.0 = Release|Any CPU
		{5F874352-2F63-4F0C-A9BD-9AD07293AE6F}.Debug|Any CPU.ActiveCfg = Debug|Any CPU
		{5F874352-2F63-4F0C-A9BD-9AD07293AE6F}.Debug|Any CPU.Build.0 = Debug|Any CPU
		{5F874352-2F63-4F0C-A9BD-9AD07293AE6F}.Release|Any CPU.ActiveCfg = Release|Any CPU
		{5F874352-2F63-4F0C-A9BD-9AD07293AE6F}.Release|Any CPU.Build.0 = Release|Any CPU
		{691835E1-69A5-4E6B-B92F-DCF02AD715C8}.Debug|Any CPU.ActiveCfg = Debug|Any CPU
		{691835E1-69A5-4E6B-B92F-DCF02AD715C8}.Debug|Any CPU.Build.0 = Debug|Any CPU
		{691835E1-69A5-4E6B-B92F-DCF02AD715C8}.Release|Any CPU.ActiveCfg = Release|Any CPU
		{691835E1-69A5-4E6B-B92F-DCF02AD715C8}.Release|Any CPU.Build.0 = Release|Any CPU
		{D51CF631-0AD1-4A1B-AF70-CDD9DB72F26E}.Debug|Any CPU.ActiveCfg = Debug|Any CPU
		{D51CF631-0AD1-4A1B-AF70-CDD9DB72F26E}.Debug|Any CPU.Build.0 = Debug|Any CPU
		{D51CF631-0AD1-4A1B-AF70-CDD9DB72F26E}.Release|Any CPU.ActiveCfg = Release|Any CPU
		{D51CF631-0AD1-4A1B-AF70-CDD9DB72F26E}.Release|Any CPU.Build.0 = Release|Any CPU
		{D8FEEA52-9FA2-438D-96E1-B4C53FAAC816}.Debug|Any CPU.ActiveCfg = Debug|Any CPU
		{D8FEEA52-9FA2-438D-96E1-B4C53FAAC816}.Debug|Any CPU.Build.0 = Debug|Any CPU
		{D8FEEA52-9FA2-438D-96E1-B4C53FAAC816}.Release|Any CPU.ActiveCfg = Release|Any CPU
		{D8FEEA52-9FA2-438D-96E1-B4C53FAAC816}.Release|Any CPU.Build.0 = Release|Any CPU
		{21DC961F-AA46-4222-8168-18929804B178}.Debug|Any CPU.ActiveCfg = Debug|Any CPU
		{21DC961F-AA46-4222-8168-18929804B178}.Debug|Any CPU.Build.0 = Debug|Any CPU
		{21DC961F-AA46-4222-8168-18929804B178}.Release|Any CPU.ActiveCfg = Release|Any CPU
		{21DC961F-AA46-4222-8168-18929804B178}.Release|Any CPU.Build.0 = Release|Any CPU
		{DECB6F7C-1040-453B-B14B-597AB30396AC}.Debug|Any CPU.ActiveCfg = Debug|Any CPU
		{DECB6F7C-1040-453B-B14B-597AB30396AC}.Debug|Any CPU.Build.0 = Debug|Any CPU
		{DECB6F7C-1040-453B-B14B-597AB30396AC}.Release|Any CPU.ActiveCfg = Release|Any CPU
		{DECB6F7C-1040-453B-B14B-597AB30396AC}.Release|Any CPU.Build.0 = Release|Any CPU
		{529825F1-83C3-4FB9-967E-7CDA494304D7}.Debug|Any CPU.ActiveCfg = Debug|Any CPU
		{529825F1-83C3-4FB9-967E-7CDA494304D7}.Debug|Any CPU.Build.0 = Debug|Any CPU
		{529825F1-83C3-4FB9-967E-7CDA494304D7}.Release|Any CPU.ActiveCfg = Release|Any CPU
		{529825F1-83C3-4FB9-967E-7CDA494304D7}.Release|Any CPU.Build.0 = Release|Any CPU
		{EBD6D016-3A69-4C84-B159-1527C2CCE1B8}.Debug|Any CPU.ActiveCfg = Debug|Any CPU
		{EBD6D016-3A69-4C84-B159-1527C2CCE1B8}.Debug|Any CPU.Build.0 = Debug|Any CPU
		{EBD6D016-3A69-4C84-B159-1527C2CCE1B8}.Release|Any CPU.ActiveCfg = Release|Any CPU
		{EBD6D016-3A69-4C84-B159-1527C2CCE1B8}.Release|Any CPU.Build.0 = Release|Any CPU
		{B1090925-76B1-4AD0-917F-9B3CE465B858}.Debug|Any CPU.ActiveCfg = Debug|Any CPU
		{B1090925-76B1-4AD0-917F-9B3CE465B858}.Debug|Any CPU.Build.0 = Debug|Any CPU
		{B1090925-76B1-4AD0-917F-9B3CE465B858}.Release|Any CPU.ActiveCfg = Release|Any CPU
		{B1090925-76B1-4AD0-917F-9B3CE465B858}.Release|Any CPU.Build.0 = Release|Any CPU
		{92FC443E-89EA-46ED-8C88-F1BEEE99EC13}.Debug|Any CPU.ActiveCfg = Debug|Any CPU
		{92FC443E-89EA-46ED-8C88-F1BEEE99EC13}.Debug|Any CPU.Build.0 = Debug|Any CPU
		{92FC443E-89EA-46ED-8C88-F1BEEE99EC13}.Release|Any CPU.ActiveCfg = Release|Any CPU
		{92FC443E-89EA-46ED-8C88-F1BEEE99EC13}.Release|Any CPU.Build.0 = Release|Any CPU
		{5CFF88BE-FFDD-4846-9F2B-35958580E8A7}.Debug|Any CPU.ActiveCfg = Debug|Any CPU
		{5CFF88BE-FFDD-4846-9F2B-35958580E8A7}.Debug|Any CPU.Build.0 = Debug|Any CPU
		{5CFF88BE-FFDD-4846-9F2B-35958580E8A7}.Release|Any CPU.ActiveCfg = Release|Any CPU
		{5CFF88BE-FFDD-4846-9F2B-35958580E8A7}.Release|Any CPU.Build.0 = Release|Any CPU
	EndGlobalSection
	GlobalSection(SolutionProperties) = preSolution
		HideSolutionNode = FALSE
	EndGlobalSection
	GlobalSection(NestedProjects) = preSolution
		{95B5335F-DAEA-44A5-9956-BF232C3437C7} = {28F7885F-DBA4-460C-99A9-80BC89911C95}
		{5B09471F-01FA-4AB3-9DF9-2937EC12BB85} = {28F7885F-DBA4-460C-99A9-80BC89911C95}
		{721E620F-BF3A-47EB-982B-6CC71BC5318C} = {28F7885F-DBA4-460C-99A9-80BC89911C95}
		{69DFB201-2455-49EF-9193-D8A6FD2EAE38} = {28F7885F-DBA4-460C-99A9-80BC89911C95}
		{782B7741-A9CB-4380-8D40-5AA1630980FE} = {28F7885F-DBA4-460C-99A9-80BC89911C95}
		{E0FBCE55-1001-44E9-A92F-8BF10345EF63} = {C49CAD0C-E721-4EF5-976F-F776AF288D56}
		{BFF381D9-81FC-41F5-A0CB-B09FD9355936} = {C49CAD0C-E721-4EF5-976F-F776AF288D56}
		{53FCB758-4E95-4D7E-9E1B-52B09E8BDCD0} = {C49CAD0C-E721-4EF5-976F-F776AF288D56}
		{5F874352-2F63-4F0C-A9BD-9AD07293AE6F} = {C49CAD0C-E721-4EF5-976F-F776AF288D56}
		{691835E1-69A5-4E6B-B92F-DCF02AD715C8} = {C49CAD0C-E721-4EF5-976F-F776AF288D56}
		{D51CF631-0AD1-4A1B-AF70-CDD9DB72F26E} = {58DE91E5-26C4-4E1C-8C79-A47261B6F56E}
		{D8FEEA52-9FA2-438D-96E1-B4C53FAAC816} = {58DE91E5-26C4-4E1C-8C79-A47261B6F56E}
		{21DC961F-AA46-4222-8168-18929804B178} = {58DE91E5-26C4-4E1C-8C79-A47261B6F56E}
		{DECB6F7C-1040-453B-B14B-597AB30396AC} = {58DE91E5-26C4-4E1C-8C79-A47261B6F56E}
		{529825F1-83C3-4FB9-967E-7CDA494304D7} = {2D8B6DF6-95F6-4B94-B93A-AA640B54AB0C}
		{EBD6D016-3A69-4C84-B159-1527C2CCE1B8} = {2D8B6DF6-95F6-4B94-B93A-AA640B54AB0C}
		{B1090925-76B1-4AD0-917F-9B3CE465B858} = {2D8B6DF6-95F6-4B94-B93A-AA640B54AB0C}
		{92FC443E-89EA-46ED-8C88-F1BEEE99EC13} = {2D8B6DF6-95F6-4B94-B93A-AA640B54AB0C}
		{5CFF88BE-FFDD-4846-9F2B-35958580E8A7} = {780B1996-6529-4716-8608-1922833B9B71}
	EndGlobalSection
	GlobalSection(ExtensibilityGlobals) = postSolution
		SolutionGuid = {111FFB05-FF15-4B33-BC60-87BE4D535823}
	EndGlobalSection
EndGlobal
